
Microsoft Visual Studio Solution File, Format Version 12.00
# Visual Studio Version 17
VisualStudioVersion = 17.11.35327.3
MinimumVisualStudioVersion = 10.0.40219.1
Project("{FAE04EC0-301F-11D3-BF4B-00C04F79EFBC}") = "Algorithm", "Algorithm\Algorithm.csproj", "{1D9D4508-00F8-444C-AF5D-145909CD2E0B}"
EndProject
Global
	GlobalSection(SolutionConfigurationPlatforms) = preSolution
		Debug|Any CPU = Debug|Any CPU
		Release|Any CPU = Release|Any CPU
	EndGlobalSection
	GlobalSection(ProjectConfigurationPlatforms) = postSolution
		{1D9D4508-00F8-444C-AF5D-145909CD2E0B}.Debug|Any CPU.ActiveCfg = Debug|Any CPU
		{1D9D4508-00F8-444C-AF5D-145909CD2E0B}.Debug|Any CPU.Build.0 = Debug|Any CPU
		{1D9D4508-00F8-444C-AF5D-145909CD2E0B}.Release|Any CPU.ActiveCfg = Release|Any CPU
		{1D9D4508-00F8-444C-AF5D-145909CD2E0B}.Release|Any CPU.Build.0 = Release|Any CPU
	EndGlobalSection
	GlobalSection(SolutionProperties) = preSolution
		HideSolutionNode = FALSE
	EndGlobalSection
	GlobalSection(ExtensibilityGlobals) = postSolution
		SolutionGuid = {0829EE2C-AE16-471A-B3AA-AE165004F349}
	EndGlobalSection
EndGlobal
